
Microsoft Visual Studio Solution File, Format Version 12.00
# Visual Studio Version 16
VisualStudioVersion = 16.0.31911.196
MinimumVisualStudioVersion = 10.0.40219.1
Project("{FAE04EC0-301F-11D3-BF4B-00C04F79EFBC}") = "CarServerXML", "CarServerXML\CarServerXML.csproj", "{F787198E-A761-4DBE-A34B-3AF93CA53BB6}"
EndProject
Global
	GlobalSection(SolutionConfigurationPlatforms) = preSolution
		Debug|Any CPU = Debug|Any CPU
		Release|Any CPU = Release|Any CPU
	EndGlobalSection
	GlobalSection(ProjectConfigurationPlatforms) = postSolution
		{F787198E-A761-4DBE-A34B-3AF93CA53BB6}.Debug|Any CPU.ActiveCfg = Debug|Any CPU
		{F787198E-A761-4DBE-A34B-3AF93CA53BB6}.Debug|Any CPU.Build.0 = Debug|Any CPU
		{F787198E-A761-4DBE-A34B-3AF93CA53BB6}.Release|Any CPU.ActiveCfg = Release|Any CPU
		{F787198E-A761-4DBE-A34B-3AF93CA53BB6}.Release|Any CPU.Build.0 = Release|Any CPU
	EndGlobalSection
	GlobalSection(SolutionProperties) = preSolution
		HideSolutionNode = FALSE
	EndGlobalSection
	GlobalSection(ExtensibilityGlobals) = postSolution
		SolutionGuid = {FE27BC96-E469-4CE1-8790-B4DBC5F5A60C}
	EndGlobalSection
EndGlobal
